// !$*UTF8*$!
{
	archiveVersion = 1;
	classes = {
	};
	objectVersion = 50;
	objects = {

/* Begin PBXFileReference section */
		7938E26326D840EC00BDF2AC /* jonathannelsontictactoe.cpp */ = {isa = PBXFileReference; lastKnownFileType = sourcecode.cpp.cpp; path = jonathannelsontictactoe.cpp; sourceTree = "<group>"; };
		7938E26426D8410200BDF2AC /* jonathannelsonmain.cpp */ = {isa = PBXFileReference; lastKnownFileType = sourcecode.cpp.cpp; name = jonathannelsonmain.cpp; path = ../../../Downloads/jonathannelsonmain.cpp; sourceTree = "<group>"; };
		7938E26526D8410200BDF2AC /* jonathannelsonTicTacToe.h */ = {isa = PBXFileReference; lastKnownFileType = sourcecode.c.h; name = jonathannelsonTicTacToe.h; path = ../../../Downloads/jonathannelsonTicTacToe.h; sourceTree = "<group>"; };
/* End PBXFileReference section */

/* Begin PBXGroup section */
		7938E25C26D840AF00BDF2AC = {
			isa = PBXGroup;
			children = (
				7938E26326D840EC00BDF2AC /* jonathannelsontictactoe.cpp */,
				7938E26426D8410200BDF2AC /* jonathannelsonmain.cpp */,
				7938E26526D8410200BDF2AC /* jonathannelsonTicTacToe.h */,
			);
			sourceTree = "<group>";
		};
/* End PBXGroup section */

/* Begin PBXProject section */
		7938E25D26D840AF00BDF2AC /* Project object */ = {
			isa = PBXProject;
			attributes = {
				LastUpgradeCheck = 1240;
			};
			buildConfigurationList = 7938E26026D840AF00BDF2AC /* Build configuration list for PBXProject "TicTacToe" */;
			compatibilityVersion = "Xcode 9.3";
			developmentRegion = en;
			hasScannedForEncodings = 0;
			knownRegions = (
				en,
				Base,
			);
			mainGroup = 7938E25C26D840AF00BDF2AC;
			projectDirPath = "";
			projectRoot = "";
			targets = (
			);
		};
/* End PBXProject section */

/* Begin XCBuildConfiguration section */
		7938E26126D840AF00BDF2AC /* Debug */ = {
			isa = XCBuildConfiguration;
			buildSettings = {
			};
			name = Debug;
		};
		7938E26226D840AF00BDF2AC /* Release */ = {
			isa = XCBuildConfiguration;
			buildSettings = {
			};
			name = Release;
		};
/* End XCBuildConfiguration section */

/* Begin XCConfigurationList section */
		7938E26026D840AF00BDF2AC /* Build configuration list for PBXProject "TicTacToe" */ = {
			isa = XCConfigurationList;
			buildConfigurations = (
				7938E26126D840AF00BDF2AC /* Debug */,
				7938E26226D840AF00BDF2AC /* Release */,
			);
			defaultConfigurationIsVisible = 0;
			defaultConfigurationName = Release;
		};
/* End XCConfigurationList section */
	};
	rootObject = 7938E25D26D840AF00BDF2AC /* Project object */;
}
